
Microsoft Visual Studio Solution File, Format Version 12.00
# Visual Studio Version 17
VisualStudioVersion = 17.4.33205.214
MinimumVisualStudioVersion = 10.0.40219.1
Project("{9A19103F-16F7-4668-BE54-9A1E7A4F7556}") = "Microservices.Dtos", "Microservices.Dtos.csproj", "{DFC2B94D-6BFA-4EEB-8E8A-F51DF596B4FD}"
EndProject
Global
	GlobalSection(SolutionConfigurationPlatforms) = preSolution
		Debug|Any CPU = Debug|Any CPU
		Release|Any CPU = Release|Any CPU
	EndGlobalSection
	GlobalSection(ProjectConfigurationPlatforms) = postSolution
		{DFC2B94D-6BFA-4EEB-8E8A-F51DF596B4FD}.Debug|Any CPU.ActiveCfg = Debug|Any CPU
		{DFC2B94D-6BFA-4EEB-8E8A-F51DF596B4FD}.Debug|Any CPU.Build.0 = Debug|Any CPU
		{DFC2B94D-6BFA-4EEB-8E8A-F51DF596B4FD}.Release|Any CPU.ActiveCfg = Release|Any CPU
		{DFC2B94D-6BFA-4EEB-8E8A-F51DF596B4FD}.Release|Any CPU.Build.0 = Release|Any CPU
	EndGlobalSection
	GlobalSection(SolutionProperties) = preSolution
		HideSolutionNode = FALSE
	EndGlobalSection
	GlobalSection(ExtensibilityGlobals) = postSolution
		SolutionGuid = {FE16CF41-F71F-4C84-B82D-15B41B910A4D}
	EndGlobalSection
EndGlobal
